// !$*UTF8*$!
{
	archiveVersion = 1;
	classes = {
	};
	objectVersion = 60;
	objects = {

/* Begin PBXBuildFile section */
		2C8B5B1828D8456900BC45E8 /* AppDelegate.swift in Sources */ = {isa = PBXBuildFile; fileRef = 2C8B5B1728D8456900BC45E8 /* AppDelegate.swift */; };
		2C8B5B1A28D8456900BC45E8 /* SceneDelegate.swift in Sources */ = {isa = PBXBuildFile; fileRef = 2C8B5B1928D8456900BC45E8 /* SceneDelegate.swift */; };
		2C8B5B1C28D8456900BC45E8 /* MainViewController.swift in Sources */ = {isa = PBXBuildFile; fileRef = 2C8B5B1B28D8456900BC45E8 /* MainViewController.swift */; };
		2C8B5B1F28D8456900BC45E8 /* Main.storyboard in Resources */ = {isa = PBXBuildFile; fileRef = 2C8B5B1D28D8456900BC45E8 /* Main.storyboard */; };
		2C8B5B2128D8456B00BC45E8 /* Assets.xcassets in Resources */ = {isa = PBXBuildFile; fileRef = 2C8B5B2028D8456B00BC45E8 /* Assets.xcassets */; };
		2C8B5B2428D8456B00BC45E8 /* LaunchScreen.storyboard in Resources */ = {isa = PBXBuildFile; fileRef = 2C8B5B2228D8456B00BC45E8 /* LaunchScreen.storyboard */; };
		2C8B5B2C28D84D1A00BC45E8 /* SampleAuthConstants.plist in Resources */ = {isa = PBXBuildFile; fileRef = 2C8B5B2B28D84D1A00BC45E8 /* SampleAuthConstants.plist */; };
		321D6F872B3DCB9800D266E6 /* WiliotBLEGatewayFramework.h in Headers */ = {isa = PBXBuildFile; fileRef = 321D6F862B3DCB9800D266E6 /* WiliotBLEGatewayFramework.h */; settings = {ATTRIBUTES = (Public, ); }; };
		321D6F8A2B3DCB9800D266E6 /* WiliotBLEGatewayFramework.framework in Frameworks */ = {isa = PBXBuildFile; fileRef = 321D6F842B3DCB9800D266E6 /* WiliotBLEGatewayFramework.framework */; };
		321D6F8B2B3DCB9800D266E6 /* WiliotBLEGatewayFramework.framework in Embed Frameworks */ = {isa = PBXBuildFile; fileRef = 321D6F842B3DCB9800D266E6 /* WiliotBLEGatewayFramework.framework */; settings = {ATTRIBUTES = (CodeSignOnCopy, RemoveHeadersOnCopy, ); }; };
		321D6F902B3DCBB000D266E6 /* WiliotGatewayBLEConnection in Frameworks */ = {isa = PBXBuildFile; productRef = 321D6F8F2B3DCBB000D266E6 /* WiliotGatewayBLEConnection */; };
		32DF972E2C59B860009F4DC3 /* WiliotMobilePixelResolver.xcframework in Frameworks */ = {isa = PBXBuildFile; fileRef = 32DF972D2C59B860009F4DC3 /* WiliotMobilePixelResolver.xcframework */; };
		32DF972F2C59B860009F4DC3 /* WiliotMobilePixelResolver.xcframework in Embed Frameworks */ = {isa = PBXBuildFile; fileRef = 32DF972D2C59B860009F4DC3 /* WiliotMobilePixelResolver.xcframework */; settings = {ATTRIBUTES = (CodeSignOnCopy, RemoveHeadersOnCopy, ); }; };
		32DF97312C59B91B009F4DC3 /* WiliotMobilePixelResolver.xcframework in Frameworks */ = {isa = PBXBuildFile; fileRef = 32DF972D2C59B860009F4DC3 /* WiliotMobilePixelResolver.xcframework */; };
		32DF97322C59B91B009F4DC3 /* WiliotMobilePixelResolver.xcframework in Embed Frameworks */ = {isa = PBXBuildFile; fileRef = 32DF972D2C59B860009F4DC3 /* WiliotMobilePixelResolver.xcframework */; settings = {ATTRIBUTES = (CodeSignOnCopy, RemoveHeadersOnCopy, ); }; };
		32EC15802A6960E40080192D /* WiliotGatewayBLEConnection in Frameworks */ = {isa = PBXBuildFile; productRef = 32EC157F2A6960E40080192D /* WiliotGatewayBLEConnection */; };
/* End PBXBuildFile section */

/* Begin PBXContainerItemProxy section */
		321D6F882B3DCB9800D266E6 /* PBXContainerItemProxy */ = {
			isa = PBXContainerItemProxy;
			containerPortal = 2C8B5B0C28D8456900BC45E8 /* Project object */;
			proxyType = 1;
			remoteGlobalIDString = 321D6F832B3DCB9800D266E6;
			remoteInfo = WiliotBLEGatewayFramework;
		};
/* End PBXContainerItemProxy section */

/* Begin PBXCopyFilesBuildPhase section */
		32DF97302C59B860009F4DC3 /* Embed Frameworks */ = {
			isa = PBXCopyFilesBuildPhase;
			buildActionMask = 2147483647;
			dstPath = "";
			dstSubfolderSpec = 10;
			files = (
				32DF972F2C59B860009F4DC3 /* WiliotMobilePixelResolver.xcframework in Embed Frameworks */,
			);
			name = "Embed Frameworks";
			runOnlyForDeploymentPostprocessing = 0;
		};
		32F040122A8C3B2E00DB46B8 /* Embed Frameworks */ = {
			isa = PBXCopyFilesBuildPhase;
			buildActionMask = 2147483647;
			dstPath = "";
			dstSubfolderSpec = 10;
			files = (
				32DF97322C59B91B009F4DC3 /* WiliotMobilePixelResolver.xcframework in Embed Frameworks */,
				321D6F8B2B3DCB9800D266E6 /* WiliotBLEGatewayFramework.framework in Embed Frameworks */,
			);
			name = "Embed Frameworks";
			runOnlyForDeploymentPostprocessing = 0;
		};
/* End PBXCopyFilesBuildPhase section */

/* Begin PBXFileReference section */
		2C8B5B1428D8456900BC45E8 /* SampleApp.app */ = {isa = PBXFileReference; explicitFileType = wrapper.application; includeInIndex = 0; path = SampleApp.app; sourceTree = BUILT_PRODUCTS_DIR; };
		2C8B5B1728D8456900BC45E8 /* AppDelegate.swift */ = {isa = PBXFileReference; lastKnownFileType = sourcecode.swift; path = AppDelegate.swift; sourceTree = "<group>"; };
		2C8B5B1928D8456900BC45E8 /* SceneDelegate.swift */ = {isa = PBXFileReference; lastKnownFileType = sourcecode.swift; path = SceneDelegate.swift; sourceTree = "<group>"; };
		2C8B5B1B28D8456900BC45E8 /* MainViewController.swift */ = {isa = PBXFileReference; lastKnownFileType = sourcecode.swift; path = MainViewController.swift; sourceTree = "<group>"; };
		2C8B5B1E28D8456900BC45E8 /* Base */ = {isa = PBXFileReference; lastKnownFileType = file.storyboard; name = Base; path = Base.lproj/Main.storyboard; sourceTree = "<group>"; };
		2C8B5B2028D8456B00BC45E8 /* Assets.xcassets */ = {isa = PBXFileReference; lastKnownFileType = folder.assetcatalog; path = Assets.xcassets; sourceTree = "<group>"; };
		2C8B5B2328D8456B00BC45E8 /* Base */ = {isa = PBXFileReference; lastKnownFileType = file.storyboard; name = Base; path = Base.lproj/LaunchScreen.storyboard; sourceTree = "<group>"; };
		2C8B5B2528D8456B00BC45E8 /* Info.plist */ = {isa = PBXFileReference; lastKnownFileType = text.plist.xml; path = Info.plist; sourceTree = "<group>"; };
		2C8B5B2B28D84D1A00BC45E8 /* SampleAuthConstants.plist */ = {isa = PBXFileReference; lastKnownFileType = text.plist.xml; path = SampleAuthConstants.plist; sourceTree = "<group>"; };
		321D6F842B3DCB9800D266E6 /* WiliotBLEGatewayFramework.framework */ = {isa = PBXFileReference; explicitFileType = wrapper.framework; includeInIndex = 0; path = WiliotBLEGatewayFramework.framework; sourceTree = BUILT_PRODUCTS_DIR; };
		321D6F862B3DCB9800D266E6 /* WiliotBLEGatewayFramework.h */ = {isa = PBXFileReference; lastKnownFileType = sourcecode.c.h; path = WiliotBLEGatewayFramework.h; sourceTree = "<group>"; };
		321D6F912B3DCEC000D266E6 /* Info.plist */ = {isa = PBXFileReference; lastKnownFileType = text.plist; path = Info.plist; sourceTree = "<group>"; };
		32DF972D2C59B860009F4DC3 /* WiliotMobilePixelResolver.xcframework */ = {isa = PBXFileReference; lastKnownFileType = wrapper.xcframework; name = WiliotMobilePixelResolver.xcframework; path = ../../Downloads/WiliotMobilePixelResolver.xcframework; sourceTree = "<group>"; };
		32F9BF092A6950C4007FA5D4 /* WiliotGatewayBLEConnection */ = {isa = PBXFileReference; lastKnownFileType = wrapper; path = WiliotGatewayBLEConnection; sourceTree = "<group>"; };
/* End PBXFileReference section */

/* Begin PBXFrameworksBuildPhase section */
		2C8B5B1128D8456900BC45E8 /* Frameworks */ = {
			isa = PBXFrameworksBuildPhase;
			buildActionMask = 2147483647;
			files = (
				321D6F8A2B3DCB9800D266E6 /* WiliotBLEGatewayFramework.framework in Frameworks */,
				32DF97312C59B91B009F4DC3 /* WiliotMobilePixelResolver.xcframework in Frameworks */,
				32EC15802A6960E40080192D /* WiliotGatewayBLEConnection in Frameworks */,
			);
			runOnlyForDeploymentPostprocessing = 0;
		};
		321D6F812B3DCB9800D266E6 /* Frameworks */ = {
			isa = PBXFrameworksBuildPhase;
			buildActionMask = 2147483647;
			files = (
				32DF972E2C59B860009F4DC3 /* WiliotMobilePixelResolver.xcframework in Frameworks */,
				321D6F902B3DCBB000D266E6 /* WiliotGatewayBLEConnection in Frameworks */,
			);
			runOnlyForDeploymentPostprocessing = 0;
		};
/* End PBXFrameworksBuildPhase section */

/* Begin PBXGroup section */
		2C8B5B0B28D8456900BC45E8 = {
			isa = PBXGroup;
			children = (
				32F9BF092A6950C4007FA5D4 /* WiliotGatewayBLEConnection */,
				2C8B5B1628D8456900BC45E8 /* SampleApp */,
				321D6F852B3DCB9800D266E6 /* WiliotBLEGatewayFramework */,
				2C8B5B1528D8456900BC45E8 /* Products */,
				32F9BF0A2A695224007FA5D4 /* Frameworks */,
			);
			sourceTree = "<group>";
		};
		2C8B5B1528D8456900BC45E8 /* Products */ = {
			isa = PBXGroup;
			children = (
				2C8B5B1428D8456900BC45E8 /* SampleApp.app */,
				321D6F842B3DCB9800D266E6 /* WiliotBLEGatewayFramework.framework */,
			);
			name = Products;
			sourceTree = "<group>";
		};
		2C8B5B1628D8456900BC45E8 /* SampleApp */ = {
			isa = PBXGroup;
			children = (
				2C8B5B1728D8456900BC45E8 /* AppDelegate.swift */,
				2C8B5B1928D8456900BC45E8 /* SceneDelegate.swift */,
				2C8B5B1B28D8456900BC45E8 /* MainViewController.swift */,
				2C8B5B1D28D8456900BC45E8 /* Main.storyboard */,
				2C8B5B2028D8456B00BC45E8 /* Assets.xcassets */,
				2C8B5B2228D8456B00BC45E8 /* LaunchScreen.storyboard */,
				2C8B5B2528D8456B00BC45E8 /* Info.plist */,
				2C8B5B2B28D84D1A00BC45E8 /* SampleAuthConstants.plist */,
			);
			path = SampleApp;
			sourceTree = "<group>";
		};
		321D6F852B3DCB9800D266E6 /* WiliotBLEGatewayFramework */ = {
			isa = PBXGroup;
			children = (
				321D6F912B3DCEC000D266E6 /* Info.plist */,
				321D6F862B3DCB9800D266E6 /* WiliotBLEGatewayFramework.h */,
			);
			path = WiliotBLEGatewayFramework;
			sourceTree = "<group>";
		};
		32F9BF0A2A695224007FA5D4 /* Frameworks */ = {
			isa = PBXGroup;
			children = (
				32DF972D2C59B860009F4DC3 /* WiliotMobilePixelResolver.xcframework */,
			);
			name = Frameworks;
			sourceTree = "<group>";
		};
/* End PBXGroup section */

/* Begin PBXHeadersBuildPhase section */
		321D6F7F2B3DCB9800D266E6 /* Headers */ = {
			isa = PBXHeadersBuildPhase;
			buildActionMask = 2147483647;
			files = (
				321D6F872B3DCB9800D266E6 /* WiliotBLEGatewayFramework.h in Headers */,
			);
			runOnlyForDeploymentPostprocessing = 0;
		};
/* End PBXHeadersBuildPhase section */

/* Begin PBXNativeTarget section */
		2C8B5B1328D8456900BC45E8 /* SampleApp */ = {
			isa = PBXNativeTarget;
			buildConfigurationList = 2C8B5B2828D8456B00BC45E8 /* Build configuration list for PBXNativeTarget "SampleApp" */;
			buildPhases = (
				2C8B5B1028D8456900BC45E8 /* Sources */,
				2C8B5B1128D8456900BC45E8 /* Frameworks */,
				2C8B5B1228D8456900BC45E8 /* Resources */,
				32F040122A8C3B2E00DB46B8 /* Embed Frameworks */,
			);
			buildRules = (
			);
			dependencies = (
				321D6F892B3DCB9800D266E6 /* PBXTargetDependency */,
			);
			name = SampleApp;
			packageProductDependencies = (
				32EC157F2A6960E40080192D /* WiliotGatewayBLEConnection */,
			);
			productName = SampleApp;
			productReference = 2C8B5B1428D8456900BC45E8 /* SampleApp.app */;
			productType = "com.apple.product-type.application";
		};
		321D6F832B3DCB9800D266E6 /* WiliotBLEGatewayFramework */ = {
			isa = PBXNativeTarget;
			buildConfigurationList = 321D6F8C2B3DCB9800D266E6 /* Build configuration list for PBXNativeTarget "WiliotBLEGatewayFramework" */;
			buildPhases = (
				321D6F7F2B3DCB9800D266E6 /* Headers */,
				321D6F802B3DCB9800D266E6 /* Sources */,
				321D6F812B3DCB9800D266E6 /* Frameworks */,
				321D6F822B3DCB9800D266E6 /* Resources */,
				32DF97302C59B860009F4DC3 /* Embed Frameworks */,
			);
			buildRules = (
			);
			dependencies = (
			);
			name = WiliotBLEGatewayFramework;
			packageProductDependencies = (
				321D6F8F2B3DCBB000D266E6 /* WiliotGatewayBLEConnection */,
			);
			productName = WiliotBLEGatewayFramework;
			productReference = 321D6F842B3DCB9800D266E6 /* WiliotBLEGatewayFramework.framework */;
			productType = "com.apple.product-type.framework";
		};
/* End PBXNativeTarget section */

/* Begin PBXProject section */
		2C8B5B0C28D8456900BC45E8 /* Project object */ = {
			isa = PBXProject;
			attributes = {
				BuildIndependentTargetsInParallel = 1;
				LastSwiftUpdateCheck = 1400;
				LastUpgradeCheck = 1400;
				TargetAttributes = {
					2C8B5B1328D8456900BC45E8 = {
						CreatedOnToolsVersion = 14.0;
					};
					321D6F832B3DCB9800D266E6 = {
						CreatedOnToolsVersion = 15.1;
					};
				};
			};
			buildConfigurationList = 2C8B5B0F28D8456900BC45E8 /* Build configuration list for PBXProject "SampleApp" */;
			compatibilityVersion = "Xcode 13.0";
			developmentRegion = en;
			hasScannedForEncodings = 0;
			knownRegions = (
				en,
				Base,
			);
			mainGroup = 2C8B5B0B28D8456900BC45E8;
			packageReferences = (
				321D6F922B3DCFB200D266E6 /* XCLocalSwiftPackageReference "WiliotGatewayBLEConnection" */,
			);
			productRefGroup = 2C8B5B1528D8456900BC45E8 /* Products */;
			projectDirPath = "";
			projectRoot = "";
			targets = (
				2C8B5B1328D8456900BC45E8 /* SampleApp */,
				321D6F832B3DCB9800D266E6 /* WiliotBLEGatewayFramework */,
			);
		};
/* End PBXProject section */

/* Begin PBXResourcesBuildPhase section */
		2C8B5B1228D8456900BC45E8 /* Resources */ = {
			isa = PBXResourcesBuildPhase;
			buildActionMask = 2147483647;
			files = (
				2C8B5B2C28D84D1A00BC45E8 /* SampleAuthConstants.plist in Resources */,
				2C8B5B2428D8456B00BC45E8 /* LaunchScreen.storyboard in Resources */,
				2C8B5B2128D8456B00BC45E8 /* Assets.xcassets in Resources */,
				2C8B5B1F28D8456900BC45E8 /* Main.storyboard in Resources */,
			);
			runOnlyForDeploymentPostprocessing = 0;
		};
		321D6F822B3DCB9800D266E6 /* Resources */ = {
			isa = PBXResourcesBuildPhase;
			buildActionMask = 2147483647;
			files = (
			);
			runOnlyForDeploymentPostprocessing = 0;
		};
/* End PBXResourcesBuildPhase section */

/* Begin PBXSourcesBuildPhase section */
		2C8B5B1028D8456900BC45E8 /* Sources */ = {
			isa = PBXSourcesBuildPhase;
			buildActionMask = 2147483647;
			files = (
				2C8B5B1C28D8456900BC45E8 /* MainViewController.swift in Sources */,
				2C8B5B1828D8456900BC45E8 /* AppDelegate.swift in Sources */,
				2C8B5B1A28D8456900BC45E8 /* SceneDelegate.swift in Sources */,
			);
			runOnlyForDeploymentPostprocessing = 0;
		};
		321D6F802B3DCB9800D266E6 /* Sources */ = {
			isa = PBXSourcesBuildPhase;
			buildActionMask = 2147483647;
			files = (
			);
			runOnlyForDeploymentPostprocessing = 0;
		};
/* End PBXSourcesBuildPhase section */

/* Begin PBXTargetDependency section */
		321D6F892B3DCB9800D266E6 /* PBXTargetDependency */ = {
			isa = PBXTargetDependency;
			target = 321D6F832B3DCB9800D266E6 /* WiliotBLEGatewayFramework */;
			targetProxy = 321D6F882B3DCB9800D266E6 /* PBXContainerItemProxy */;
		};
/* End PBXTargetDependency section */

/* Begin PBXVariantGroup section */
		2C8B5B1D28D8456900BC45E8 /* Main.storyboard */ = {
			isa = PBXVariantGroup;
			children = (
				2C8B5B1E28D8456900BC45E8 /* Base */,
			);
			name = Main.storyboard;
			sourceTree = "<group>";
		};
		2C8B5B2228D8456B00BC45E8 /* LaunchScreen.storyboard */ = {
			isa = PBXVariantGroup;
			children = (
				2C8B5B2328D8456B00BC45E8 /* Base */,
			);
			name = LaunchScreen.storyboard;
			sourceTree = "<group>";
		};
/* End PBXVariantGroup section */

/* Begin XCBuildConfiguration section */
		2C8B5B2628D8456B00BC45E8 /* Debug */ = {
			isa = XCBuildConfiguration;
			buildSettings = {
				ALWAYS_SEARCH_USER_PATHS = NO;
				CLANG_ANALYZER_NONNULL = YES;
				CLANG_ANALYZER_NUMBER_OBJECT_CONVERSION = YES_AGGRESSIVE;
				CLANG_CXX_LANGUAGE_STANDARD = "gnu++20";
				CLANG_ENABLE_MODULES = YES;
				CLANG_ENABLE_OBJC_ARC = YES;
				CLANG_ENABLE_OBJC_WEAK = YES;
				CLANG_WARN_BLOCK_CAPTURE_AUTORELEASING = YES;
				CLANG_WARN_BOOL_CONVERSION = YES;
				CLANG_WARN_COMMA = YES;
				CLANG_WARN_CONSTANT_CONVERSION = YES;
				CLANG_WARN_DEPRECATED_OBJC_IMPLEMENTATIONS = YES;
				CLANG_WARN_DIRECT_OBJC_ISA_USAGE = YES_ERROR;
				CLANG_WARN_DOCUMENTATION_COMMENTS = YES;
				CLANG_WARN_EMPTY_BODY = YES;
				CLANG_WARN_ENUM_CONVERSION = YES;
				CLANG_WARN_INFINITE_RECURSION = YES;
				CLANG_WARN_INT_CONVERSION = YES;
				CLANG_WARN_NON_LITERAL_NULL_CONVERSION = YES;
				CLANG_WARN_OBJC_IMPLICIT_RETAIN_SELF = YES;
				CLANG_WARN_OBJC_LITERAL_CONVERSION = YES;
				CLANG_WARN_OBJC_ROOT_CLASS = YES_ERROR;
				CLANG_WARN_QUOTED_INCLUDE_IN_FRAMEWORK_HEADER = YES;
				CLANG_WARN_RANGE_LOOP_ANALYSIS = YES;
				CLANG_WARN_STRICT_PROTOTYPES = YES;
				CLANG_WARN_SUSPICIOUS_MOVE = YES;
				CLANG_WARN_UNGUARDED_AVAILABILITY = YES_AGGRESSIVE;
				CLANG_WARN_UNREACHABLE_CODE = YES;
				CLANG_WARN__DUPLICATE_METHOD_MATCH = YES;
				COPY_PHASE_STRIP = NO;
				DEBUG_INFORMATION_FORMAT = dwarf;
				ENABLE_STRICT_OBJC_MSGSEND = YES;
				ENABLE_TESTABILITY = YES;
				GCC_C_LANGUAGE_STANDARD = gnu11;
				GCC_DYNAMIC_NO_PIC = NO;
				GCC_NO_COMMON_BLOCKS = YES;
				GCC_OPTIMIZATION_LEVEL = 0;
				GCC_PREPROCESSOR_DEFINITIONS = (
					"DEBUG=1",
					"$(inherited)",
				);
				GCC_WARN_64_TO_32_BIT_CONVERSION = YES;
				GCC_WARN_ABOUT_RETURN_TYPE = YES_ERROR;
				GCC_WARN_UNDECLARED_SELECTOR = YES;
				GCC_WARN_UNINITIALIZED_AUTOS = YES_AGGRESSIVE;
				GCC_WARN_UNUSED_FUNCTION = YES;
				GCC_WARN_UNUSED_VARIABLE = YES;
				IPHONEOS_DEPLOYMENT_TARGET = 16.0;
				MTL_ENABLE_DEBUG_INFO = INCLUDE_SOURCE;
				MTL_FAST_MATH = YES;
				ONLY_ACTIVE_ARCH = YES;
				SDKROOT = iphoneos;
				SWIFT_ACTIVE_COMPILATION_CONDITIONS = DEBUG;
				SWIFT_OPTIMIZATION_LEVEL = "-Onone";
			};
			name = Debug;
		};
		2C8B5B2728D8456B00BC45E8 /* Release */ = {
			isa = XCBuildConfiguration;
			buildSettings = {
				ALWAYS_SEARCH_USER_PATHS = NO;
				CLANG_ANALYZER_NONNULL = YES;
				CLANG_ANALYZER_NUMBER_OBJECT_CONVERSION = YES_AGGRESSIVE;
				CLANG_CXX_LANGUAGE_STANDARD = "gnu++20";
				CLANG_ENABLE_MODULES = YES;
				CLANG_ENABLE_OBJC_ARC = YES;
				CLANG_ENABLE_OBJC_WEAK = YES;
				CLANG_WARN_BLOCK_CAPTURE_AUTORELEASING = YES;
				CLANG_WARN_BOOL_CONVERSION = YES;
				CLANG_WARN_COMMA = YES;
				CLANG_WARN_CONSTANT_CONVERSION = YES;
				CLANG_WARN_DEPRECATED_OBJC_IMPLEMENTATIONS = YES;
				CLANG_WARN_DIRECT_OBJC_ISA_USAGE = YES_ERROR;
				CLANG_WARN_DOCUMENTATION_COMMENTS = YES;
				CLANG_WARN_EMPTY_BODY = YES;
				CLANG_WARN_ENUM_CONVERSION = YES;
				CLANG_WARN_INFINITE_RECURSION = YES;
				CLANG_WARN_INT_CONVERSION = YES;
				CLANG_WARN_NON_LITERAL_NULL_CONVERSION = YES;
				CLANG_WARN_OBJC_IMPLICIT_RETAIN_SELF = YES;
				CLANG_WARN_OBJC_LITERAL_CONVERSION = YES;
				CLANG_WARN_OBJC_ROOT_CLASS = YES_ERROR;
				CLANG_WARN_QUOTED_INCLUDE_IN_FRAMEWORK_HEADER = YES;
				CLANG_WARN_RANGE_LOOP_ANALYSIS = YES;
				CLANG_WARN_STRICT_PROTOTYPES = YES;
				CLANG_WARN_SUSPICIOUS_MOVE = YES;
				CLANG_WARN_UNGUARDED_AVAILABILITY = YES_AGGRESSIVE;
				CLANG_WARN_UNREACHABLE_CODE = YES;
				CLANG_WARN__DUPLICATE_METHOD_MATCH = YES;
				COPY_PHASE_STRIP = NO;
				DEBUG_INFORMATION_FORMAT = "dwarf-with-dsym";
				ENABLE_NS_ASSERTIONS = NO;
				ENABLE_STRICT_OBJC_MSGSEND = YES;
				GCC_C_LANGUAGE_STANDARD = gnu11;
				GCC_NO_COMMON_BLOCKS = YES;
				GCC_WARN_64_TO_32_BIT_CONVERSION = YES;
				GCC_WARN_ABOUT_RETURN_TYPE = YES_ERROR;
				GCC_WARN_UNDECLARED_SELECTOR = YES;
				GCC_WARN_UNINITIALIZED_AUTOS = YES_AGGRESSIVE;
				GCC_WARN_UNUSED_FUNCTION = YES;
				GCC_WARN_UNUSED_VARIABLE = YES;
				IPHONEOS_DEPLOYMENT_TARGET = 16.0;
				MTL_ENABLE_DEBUG_INFO = NO;
				MTL_FAST_MATH = YES;
				SDKROOT = iphoneos;
				SWIFT_COMPILATION_MODE = wholemodule;
				SWIFT_OPTIMIZATION_LEVEL = "-O";
				VALIDATE_PRODUCT = YES;
			};
			name = Release;
		};
		2C8B5B2928D8456B00BC45E8 /* Debug */ = {
			isa = XCBuildConfiguration;
			buildSettings = {
				ASSETCATALOG_COMPILER_APPICON_NAME = AppIcon;
				ASSETCATALOG_COMPILER_GLOBAL_ACCENT_COLOR_NAME = AccentColor;
				CODE_SIGN_IDENTITY = "Apple Development";
				CODE_SIGN_STYLE = Automatic;
				CURRENT_PROJECT_VERSION = 1;
				DEVELOPMENT_TEAM = V4K54MSD5Y;
				GENERATE_INFOPLIST_FILE = YES;
				INFOPLIST_FILE = SampleApp/Info.plist;
				INFOPLIST_KEY_CFBundleDisplayName = SampleApp;
				INFOPLIST_KEY_LSApplicationCategoryType = "public.app-category.developer-tools";
				INFOPLIST_KEY_NSBluetoothAlwaysUsageDescription = "This app will use bluetooth to detect nearby beacons.";
				INFOPLIST_KEY_NSBluetoothPeripheralUsageDescription = "This app will use bluetooth to detect nearby beacons.";
				INFOPLIST_KEY_NSLocationAlwaysAndWhenInUseUsageDescription = "The app will use the location data to communicate with nearby beacons.";
				INFOPLIST_KEY_NSLocationAlwaysUsageDescription = "The app will use the location data to communicate with nearby beacons.";
				INFOPLIST_KEY_NSLocationWhenInUseUsageDescription = "The app will use the location data to communicate with nearby beacons.";
				INFOPLIST_KEY_UIApplicationSupportsIndirectInputEvents = YES;
				INFOPLIST_KEY_UILaunchStoryboardName = LaunchScreen;
				INFOPLIST_KEY_UIMainStoryboardFile = Main;
				INFOPLIST_KEY_UISupportedInterfaceOrientations_iPad = "UIInterfaceOrientationPortrait UIInterfaceOrientationPortraitUpsideDown UIInterfaceOrientationLandscapeLeft UIInterfaceOrientationLandscapeRight";
				INFOPLIST_KEY_UISupportedInterfaceOrientations_iPhone = "UIInterfaceOrientationPortrait UIInterfaceOrientationLandscapeLeft UIInterfaceOrientationLandscapeRight";
				IPHONEOS_DEPLOYMENT_TARGET = 14.0;
				LD_RUNPATH_SEARCH_PATHS = (
					"$(inherited)",
					"@executable_path/Frameworks",
				);
				MACH_O_TYPE = mh_execute;
				MARKETING_VERSION = 1.0;
				PRODUCT_BUNDLE_IDENTIFIER = com.dyuldashev.wiliot.SampleApp.SampleApp2;
				PRODUCT_NAME = "$(TARGET_NAME)";
				PROVISIONING_PROFILE_SPECIFIER = "";
				SUPPORTED_PLATFORMS = "iphoneos iphonesimulator xros xrsimulator";
				SUPPORTS_MACCATALYST = NO;
				SUPPORTS_MAC_DESIGNED_FOR_IPHONE_IPAD = NO;
				SUPPORTS_XR_DESIGNED_FOR_IPHONE_IPAD = NO;
				SWIFT_EMIT_LOC_STRINGS = YES;
				SWIFT_VERSION = 5.0;
				TARGETED_DEVICE_FAMILY = "1,2,7";
			};
			name = Debug;
		};
		2C8B5B2A28D8456B00BC45E8 /* Release */ = {
			isa = XCBuildConfiguration;
			buildSettings = {
				ASSETCATALOG_COMPILER_APPICON_NAME = AppIcon;
				ASSETCATALOG_COMPILER_GLOBAL_ACCENT_COLOR_NAME = AccentColor;
				CODE_SIGN_IDENTITY = "Apple Development";
				CODE_SIGN_STYLE = Automatic;
				CURRENT_PROJECT_VERSION = 1;
				DEVELOPMENT_TEAM = V4K54MSD5Y;
				GENERATE_INFOPLIST_FILE = YES;
				INFOPLIST_FILE = SampleApp/Info.plist;
				INFOPLIST_KEY_CFBundleDisplayName = SampleApp;
				INFOPLIST_KEY_LSApplicationCategoryType = "public.app-category.developer-tools";
				INFOPLIST_KEY_NSBluetoothAlwaysUsageDescription = "This app will use bluetooth to detect nearby beacons.";
				INFOPLIST_KEY_NSBluetoothPeripheralUsageDescription = "This app will use bluetooth to detect nearby beacons.";
				INFOPLIST_KEY_NSLocationAlwaysAndWhenInUseUsageDescription = "The app will use the location data to communicate with nearby beacons.";
				INFOPLIST_KEY_NSLocationAlwaysUsageDescription = "The app will use the location data to communicate with nearby beacons.";
				INFOPLIST_KEY_NSLocationWhenInUseUsageDescription = "The app will use the location data to communicate with nearby beacons.";
				INFOPLIST_KEY_UIApplicationSupportsIndirectInputEvents = YES;
				INFOPLIST_KEY_UILaunchStoryboardName = LaunchScreen;
				INFOPLIST_KEY_UIMainStoryboardFile = Main;
				INFOPLIST_KEY_UISupportedInterfaceOrientations_iPad = "UIInterfaceOrientationPortrait UIInterfaceOrientationPortraitUpsideDown UIInterfaceOrientationLandscapeLeft UIInterfaceOrientationLandscapeRight";
				INFOPLIST_KEY_UISupportedInterfaceOrientations_iPhone = "UIInterfaceOrientationPortrait UIInterfaceOrientationLandscapeLeft UIInterfaceOrientationLandscapeRight";
				IPHONEOS_DEPLOYMENT_TARGET = 14.0;
				LD_RUNPATH_SEARCH_PATHS = (
					"$(inherited)",
					"@executable_path/Frameworks",
				);
				MACH_O_TYPE = mh_execute;
				MARKETING_VERSION = 1.0;
				PRODUCT_BUNDLE_IDENTIFIER = com.dyuldashev.wiliot.SampleApp.SampleApp2;
				PRODUCT_NAME = "$(TARGET_NAME)";
				PROVISIONING_PROFILE_SPECIFIER = "";
				SUPPORTED_PLATFORMS = "iphoneos iphonesimulator xros xrsimulator";
				SUPPORTS_MACCATALYST = NO;
				SUPPORTS_MAC_DESIGNED_FOR_IPHONE_IPAD = NO;
				SUPPORTS_XR_DESIGNED_FOR_IPHONE_IPAD = NO;
				SWIFT_EMIT_LOC_STRINGS = YES;
				SWIFT_VERSION = 5.0;
				TARGETED_DEVICE_FAMILY = "1,2,7";
			};
			name = Release;
		};
		321D6F8D2B3DCB9800D266E6 /* Debug */ = {
			isa = XCBuildConfiguration;
			buildSettings = {
				ASSETCATALOG_COMPILER_GENERATE_SWIFT_ASSET_SYMBOL_EXTENSIONS = YES;
				BUILD_LIBRARY_FOR_DISTRIBUTION = YES;
				CODE_SIGN_IDENTITY = "Apple Development";
				CODE_SIGN_STYLE = Automatic;
				CREATE_INFOPLIST_SECTION_IN_BINARY = YES;
				CURRENT_PROJECT_VERSION = 1;
				DEFINES_MODULE = YES;
				DEVELOPMENT_TEAM = 729D4CP2WY;
				DYLIB_COMPATIBILITY_VERSION = 1;
				DYLIB_CURRENT_VERSION = 1;
				DYLIB_INSTALL_NAME_BASE = "@rpath";
				ENABLE_MODULE_VERIFIER = YES;
				ENABLE_USER_SCRIPT_SANDBOXING = YES;
				GCC_C_LANGUAGE_STANDARD = gnu17;
				GENERATE_INFOPLIST_FILE = YES;
				INFOPLIST_FILE = WiliotBLEGatewayFramework/Info.plist;
				INFOPLIST_KEY_NSHumanReadableCopyright = "";
				INSTALL_PATH = "$(LOCAL_LIBRARY_DIR)/Frameworks";
				IPHONEOS_DEPLOYMENT_TARGET = 14.0;
				LD_RUNPATH_SEARCH_PATHS = (
					"$(inherited)",
					"@executable_path/Frameworks",
					"@loader_path/Frameworks",
				);
				LOCALIZATION_PREFERS_STRING_CATALOGS = YES;
				MARKETING_VERSION = 1.0;
				MERGEABLE_LIBRARY = YES;
				MERGED_BINARY_TYPE = automatic;
				MODULE_VERIFIER_SUPPORTED_LANGUAGES = "objective-c objective-c++";
				MODULE_VERIFIER_SUPPORTED_LANGUAGE_STANDARDS = "gnu17 gnu++20";
				ONLY_ACTIVE_ARCH = YES;
				PRODUCT_BUNDLE_IDENTIFIER = com.dyuldashev.WiliotBLEGatewayFramework;
				PRODUCT_NAME = "$(TARGET_NAME:c99extidentifier)";
				SKIP_INSTALL = YES;
				SUPPORTED_PLATFORMS = "iphoneos iphonesimulator";
				SUPPORTS_MACCATALYST = NO;
				SUPPORTS_MAC_DESIGNED_FOR_IPHONE_IPAD = NO;
				SUPPORTS_XR_DESIGNED_FOR_IPHONE_IPAD = NO;
				SWIFT_ACTIVE_COMPILATION_CONDITIONS = "DEBUG $(inherited)";
				SWIFT_EMIT_LOC_STRINGS = YES;
				SWIFT_VERSION = 5.0;
				TARGETED_DEVICE_FAMILY = 1;
				VERSIONING_SYSTEM = "apple-generic";
				VERSION_INFO_PREFIX = "";
			};
			name = Debug;
		};
		321D6F8E2B3DCB9800D266E6 /* Release */ = {
			isa = XCBuildConfiguration;
			buildSettings = {
				ASSETCATALOG_COMPILER_GENERATE_SWIFT_ASSET_SYMBOL_EXTENSIONS = YES;
				BUILD_LIBRARY_FOR_DISTRIBUTION = YES;
				CODE_SIGN_IDENTITY = "Apple Development";
				CODE_SIGN_STYLE = Automatic;
				CREATE_INFOPLIST_SECTION_IN_BINARY = YES;
				CURRENT_PROJECT_VERSION = 1;
				DEFINES_MODULE = YES;
				DEVELOPMENT_TEAM = 729D4CP2WY;
				DYLIB_COMPATIBILITY_VERSION = 1;
				DYLIB_CURRENT_VERSION = 1;
				DYLIB_INSTALL_NAME_BASE = "@rpath";
				ENABLE_MODULE_VERIFIER = YES;
				ENABLE_USER_SCRIPT_SANDBOXING = YES;
				GCC_C_LANGUAGE_STANDARD = gnu17;
				GENERATE_INFOPLIST_FILE = YES;
				INFOPLIST_FILE = WiliotBLEGatewayFramework/Info.plist;
				INFOPLIST_KEY_NSHumanReadableCopyright = "";
				INSTALL_PATH = "$(LOCAL_LIBRARY_DIR)/Frameworks";
				IPHONEOS_DEPLOYMENT_TARGET = 14.0;
				LD_RUNPATH_SEARCH_PATHS = (
					"$(inherited)",
					"@executable_path/Frameworks",
					"@loader_path/Frameworks",
				);
				LOCALIZATION_PREFERS_STRING_CATALOGS = YES;
				MARKETING_VERSION = 1.0;
				MERGEABLE_LIBRARY = YES;
				MERGED_BINARY_TYPE = automatic;
				MODULE_VERIFIER_SUPPORTED_LANGUAGES = "objective-c objective-c++";
				MODULE_VERIFIER_SUPPORTED_LANGUAGE_STANDARDS = "gnu17 gnu++20";
				ONLY_ACTIVE_ARCH = YES;
				PRODUCT_BUNDLE_IDENTIFIER = com.dyuldashev.WiliotBLEGatewayFramework;
				PRODUCT_NAME = "$(TARGET_NAME:c99extidentifier)";
				SKIP_INSTALL = YES;
				SUPPORTED_PLATFORMS = "iphoneos iphonesimulator";
				SUPPORTS_MACCATALYST = NO;
				SUPPORTS_MAC_DESIGNED_FOR_IPHONE_IPAD = NO;
				SUPPORTS_XR_DESIGNED_FOR_IPHONE_IPAD = NO;
				SWIFT_EMIT_LOC_STRINGS = YES;
				SWIFT_VERSION = 5.0;
				TARGETED_DEVICE_FAMILY = 1;
				VERSIONING_SYSTEM = "apple-generic";
				VERSION_INFO_PREFIX = "";
			};
			name = Release;
		};
/* End XCBuildConfiguration section */

/* Begin XCConfigurationList section */
		2C8B5B0F28D8456900BC45E8 /* Build configuration list for PBXProject "SampleApp" */ = {
			isa = XCConfigurationList;
			buildConfigurations = (
				2C8B5B2628D8456B00BC45E8 /* Debug */,
				2C8B5B2728D8456B00BC45E8 /* Release */,
			);
			defaultConfigurationIsVisible = 0;
			defaultConfigurationName = Release;
		};
		2C8B5B2828D8456B00BC45E8 /* Build configuration list for PBXNativeTarget "SampleApp" */ = {
			isa = XCConfigurationList;
			buildConfigurations = (
				2C8B5B2928D8456B00BC45E8 /* Debug */,
				2C8B5B2A28D8456B00BC45E8 /* Release */,
			);
			defaultConfigurationIsVisible = 0;
			defaultConfigurationName = Release;
		};
		321D6F8C2B3DCB9800D266E6 /* Build configuration list for PBXNativeTarget "WiliotBLEGatewayFramework" */ = {
			isa = XCConfigurationList;
			buildConfigurations = (
				321D6F8D2B3DCB9800D266E6 /* Debug */,
				321D6F8E2B3DCB9800D266E6 /* Release */,
			);
			defaultConfigurationIsVisible = 0;
			defaultConfigurationName = Release;
		};
/* End XCConfigurationList section */

/* Begin XCLocalSwiftPackageReference section */
		321D6F922B3DCFB200D266E6 /* XCLocalSwiftPackageReference "WiliotGatewayBLEConnection" */ = {
			isa = XCLocalSwiftPackageReference;
			relativePath = WiliotGatewayBLEConnection;
		};
/* End XCLocalSwiftPackageReference section */

/* Begin XCSwiftPackageProductDependency section */
		321D6F8F2B3DCBB000D266E6 /* WiliotGatewayBLEConnection */ = {
			isa = XCSwiftPackageProductDependency;
			productName = WiliotGatewayBLEConnection;
		};
		32EC157F2A6960E40080192D /* WiliotGatewayBLEConnection */ = {
			isa = XCSwiftPackageProductDependency;
			productName = WiliotGatewayBLEConnection;
		};
/* End XCSwiftPackageProductDependency section */
	};
	rootObject = 2C8B5B0C28D8456900BC45E8 /* Project object */;
}
